Microsoft Visual Studio Solution File, Format Version 12.00
# Visual Studio Version 17
VisualStudioVersion = 17.5.2.0
MinimumVisualStudioVersion = 10.0.40219.1
Project("{2150E333-8FDC-42A3-9474-1A3956D46DE8}") = "game_manager", "game_manager", "{33E31115-F7E3-EC63-AA23-31CF16C1598D}"
EndProject
Project("{2150E333-8FDC-42A3-9474-1A3956D46DE8}") = "maelstrom", "maelstrom", "{D767611B-DD42-A1DF-E2F2-3C9896D144CD}"
EndProject
Project("{FAE04EC0-301F-11D3-BF4B-00C04F79EFBC}") = "HandoffTray", "game_manager\maelstrom\HandoffTray\HandoffTray.csproj", "{5AA0BC41-B3A9-0548-B2CD-5FF2061F62F9}"
EndProject
Project("{FAE04EC0-301F-11D3-BF4B-00C04F79EFBC}") = "Installer", "game_manager\maelstrom\Installer\Installer.csproj", "{B04E9332-21A2-4D6B-D206-5B7E7DF1843F}"
EndProject
Project("{FAE04EC0-301F-11D3-BF4B-00C04F79EFBC}") = "MaelstromBot.Server", "game_manager\maelstrom\MaelstromBot.Server\MaelstromBot.Server.csproj", "{DC2C9E6B-8927-403C-3E8D-1038784AAF55}"
EndProject
Project("{FAE04EC0-301F-11D3-BF4B-00C04F79EFBC}") = "MaelstromToolkit", "game_manager\maelstrom\MaelstromToolkit\MaelstromToolkit.csproj", "{41E3E335-C2DE-7E25-AC4A-DD26E1E0B134}"
EndProject
Project("{2150E333-8FDC-42A3-9474-1A3956D46DE8}") = "DevTools", "DevTools", "{775BC22E-1CA2-A7B5-6340-D01DF52BC397}"
EndProject
Project("{FAE04EC0-301F-11D3-BF4B-00C04F79EFBC}") = "FunctionalTestRunner", "game_manager\maelstrom\DevTools\FunctionalTestRunner\FunctionalTestRunner.csproj", "{E83556B6-7BA9-2BA7-5FE7-69AB0FF4F5DA}"
EndProject
Project("{FAE04EC0-301F-11D3-BF4B-00C04F79EFBC}") = "HandoffUtility", "game_manager\maelstrom\DevTools\HandoffUtility\HandoffUtility.csproj", "{FFBA2795-4583-4ED2-4321-3DB549C382CD}"
EndProject
Project("{FAE04EC0-301F-11D3-BF4B-00C04F79EFBC}") = "UiAuditDiff", "game_manager\maelstrom\DevTools\UiAuditDiff\UiAuditDiff.csproj", "{40A4D523-A194-B0C2-B852-F588247DBB30}"
EndProject
Project("{FAE04EC0-301F-11D3-BF4B-00C04F79EFBC}") = "UiAuditRunner", "game_manager\maelstrom\DevTools\UiAuditRunner\UiAuditRunner.csproj", "{591D5F89-3AE8-BE19-31AA-B7B232509FA9}"
EndProject
Project("{FAE04EC0-301F-11D3-BF4B-00C04F79EFBC}") = "UiAuditSelfCapture", "game_manager\maelstrom\DevTools\UiAuditSelfCapture\UiAuditSelfCapture.csproj", "{A74D79F6-9B07-8D0A-FABD-5F6336DF64D9}"
EndProject
Project("{2150E333-8FDC-42A3-9474-1A3956D46DE8}") = "Plugins", "Plugins", "{4F9716DC-B050-49EC-4F45-1E2833E7518A}"
EndProject
Project("{FAE04EC0-301F-11D3-BF4B-00C04F79EFBC}") = "SampleOverlayWidgetsPlugin", "game_manager\maelstrom\Plugins\SampleOverlayWidgetsPlugin\SampleOverlayWidgetsPlugin.csproj", "{A499FC00-BF50-0D24-684B-12406BEA83DF}"
EndProject
Project("{FAE04EC0-301F-11D3-BF4B-00C04F79EFBC}") = "SampleReplayAnalyzerPlugin", "game_manager\maelstrom\Plugins\SampleReplayAnalyzerPlugin\SampleReplayAnalyzerPlugin.csproj", "{0A93E754-B174-AE01-48CC-0E9CAE55827C}"
EndProject
Project("{2150E333-8FDC-42A3-9474-1A3956D46DE8}") = "ProjectMaelstrom", "ProjectMaelstrom", "{9A234712-FAE2-7B51-271F-6B93A8CE6E31}"
EndProject
Project("{FAE04EC0-301F-11D3-BF4B-00C04F79EFBC}") = "Maelstrom.TestProcess", "game_manager\maelstrom\ProjectMaelstrom\Maelstrom.TestProcess\Maelstrom.TestProcess.csproj", "{FE5C8702-62B9-C8F9-B200-D729ADA878C9}"
EndProject
Project("{FAE04EC0-301F-11D3-BF4B-00C04F79EFBC}") = "ProjectMaelstrom", "game_manager\maelstrom\ProjectMaelstrom\ProjectMaelstrom.csproj", "{5BCE4D48-82EF-1A74-75D2-EEE6BCA859BC}"
EndProject
Project("{FAE04EC0-301F-11D3-BF4B-00C04F79EFBC}") = "ProjectMaelstrom.Tests", "game_manager\maelstrom\ProjectMaelstrom\ProjectMaelstrom.Tests\ProjectMaelstrom.Tests.csproj", "{5EDF34A2-11E0-A8DB-8841-FA97EBB46363}"
EndProject
Project("{2150E333-8FDC-42A3-9474-1A3956D46DE8}") = "SampleOverlayWidgetsPlugin (1)", "SampleOverlayWidgetsPlugin (1)", "{3669FB71-6DE0-1644-7741-5DE7FBAB7041}"
EndProject
Project("{2150E333-8FDC-42A3-9474-1A3956D46DE8}") = "bin", "bin", "{8DC462D7-9635-E2AC-5357-AF76B186E878}"
EndProject
Project("{2150E333-8FDC-42A3-9474-1A3956D46DE8}") = "Debug", "Debug", "{9A7B0398-49C7-D367-4A40-2DBDDAA0B6F2}"
EndProject
Project("{2150E333-8FDC-42A3-9474-1A3956D46DE8}") = "net9.0-windows10.0.22621.0", "net9.0-windows10.0.22621.0", "{DC1C3786-D330-6315-0C05-A7C38D0CE938}"
EndProject
Project("{2150E333-8FDC-42A3-9474-1A3956D46DE8}") = "Scripts", "Scripts", "{FB075FAD-00C6-2ABC-22CA-389FD94DEEED}"
EndProject
Project("{2150E333-8FDC-42A3-9474-1A3956D46DE8}") = "Library", "Library", "{58880FF5-F4D1-6AEE-26CA-3EDC6F9F8611}"
EndProject
Project("{2150E333-8FDC-42A3-9474-1A3956D46DE8}") = "Wizard101-Damage-Calculator-master", "Wizard101-Damage-Calculator-master", "{0F4C570D-8B86-46EF-4860-CEF0A09A2E3F}"
EndProject
Project("{2150E333-8FDC-42A3-9474-1A3956D46DE8}") = "Wizard101-Damage-Calculator-master", "Wizard101-Damage-Calculator-master", "{209E3AD4-BA1B-03F5-0361-DF885F7277A7}"
EndProject
Project("{FAE04EC0-301F-11D3-BF4B-00C04F79EFBC}") = "KursovaLibrary", "game_manager\maelstrom\Plugins\SampleOverlayWidgetsPlugin\bin\Debug\net9.0-windows10.0.22621.0\Scripts\Library\Wizard101-Damage-Calculator-master\Wizard101-Damage-Calculator-master\KursovaLibrary\KursovaLibrary.csproj", "{B2B9CE4A-AB7F-08F0-63C1-C766D82AE92D}"
EndProject
Project("{FAE04EC0-301F-11D3-BF4B-00C04F79EFBC}") = "KursovaRabota", "game_manager\maelstrom\Plugins\SampleOverlayWidgetsPlugin\bin\Debug\net9.0-windows10.0.22621.0\Scripts\Library\Wizard101-Damage-Calculator-master\Wizard101-Damage-Calculator-master\KursovaRabota\KursovaRabota.csproj", "{47CA371E-B33E-A1CB-F68A-E520570C2E58}"
EndProject
Global
	GlobalSection(SolutionConfigurationPlatforms) = preSolution
		Debug|Any CPU = Debug|Any CPU
		Release|Any CPU = Release|Any CPU
	EndGlobalSection
	GlobalSection(ProjectConfigurationPlatforms) = postSolution
		{5AA0BC41-B3A9-0548-B2CD-5FF2061F62F9}.Debug|Any CPU.ActiveCfg = Debug|Any CPU
		{5AA0BC41-B3A9-0548-B2CD-5FF2061F62F9}.Debug|Any CPU.Build.0 = Debug|Any CPU
		{5AA0BC41-B3A9-0548-B2CD-5FF2061F62F9}.Release|Any CPU.ActiveCfg = Release|Any CPU
		{5AA0BC41-B3A9-0548-B2CD-5FF2061F62F9}.Release|Any CPU.Build.0 = Release|Any CPU
		{B04E9332-21A2-4D6B-D206-5B7E7DF1843F}.Debug|Any CPU.ActiveCfg = Debug|Any CPU
		{B04E9332-21A2-4D6B-D206-5B7E7DF1843F}.Debug|Any CPU.Build.0 = Debug|Any CPU
		{B04E9332-21A2-4D6B-D206-5B7E7DF1843F}.Release|Any CPU.ActiveCfg = Release|Any CPU
		{B04E9332-21A2-4D6B-D206-5B7E7DF1843F}.Release|Any CPU.Build.0 = Release|Any CPU
		{DC2C9E6B-8927-403C-3E8D-1038784AAF55}.Debug|Any CPU.ActiveCfg = Debug|Any CPU
		{DC2C9E6B-8927-403C-3E8D-1038784AAF55}.Debug|Any CPU.Build.0 = Debug|Any CPU
		{DC2C9E6B-8927-403C-3E8D-1038784AAF55}.Release|Any CPU.ActiveCfg = Release|Any CPU
		{DC2C9E6B-8927-403C-3E8D-1038784AAF55}.Release|Any CPU.Build.0 = Release|Any CPU
		{41E3E335-C2DE-7E25-AC4A-DD26E1E0B134}.Debug|Any CPU.ActiveCfg = Debug|Any CPU
		{41E3E335-C2DE-7E25-AC4A-DD26E1E0B134}.Debug|Any CPU.Build.0 = Debug|Any CPU
		{41E3E335-C2DE-7E25-AC4A-DD26E1E0B134}.Release|Any CPU.ActiveCfg = Release|Any CPU
		{41E3E335-C2DE-7E25-AC4A-DD26E1E0B134}.Release|Any CPU.Build.0 = Release|Any CPU
		{E83556B6-7BA9-2BA7-5FE7-69AB0FF4F5DA}.Debug|Any CPU.ActiveCfg = Debug|Any CPU
		{E83556B6-7BA9-2BA7-5FE7-69AB0FF4F5DA}.Debug|Any CPU.Build.0 = Debug|Any CPU
		{E83556B6-7BA9-2BA7-5FE7-69AB0FF4F5DA}.Release|Any CPU.ActiveCfg = Release|Any CPU
		{E83556B6-7BA9-2BA7-5FE7-69AB0FF4F5DA}.Release|Any CPU.Build.0 = Release|Any CPU
		{FFBA2795-4583-4ED2-4321-3DB549C382CD}.Debug|Any CPU.ActiveCfg = Debug|Any CPU
		{FFBA2795-4583-4ED2-4321-3DB549C382CD}.Debug|Any CPU.Build.0 = Debug|Any CPU
		{FFBA2795-4583-4ED2-4321-3DB549C382CD}.Release|Any CPU.ActiveCfg = Release|Any CPU
		{FFBA2795-4583-4ED2-4321-3DB549C382CD}.Release|Any CPU.Build.0 = Release|Any CPU
		{40A4D523-A194-B0C2-B852-F588247DBB30}.Debug|Any CPU.ActiveCfg = Debug|Any CPU
		{40A4D523-A194-B0C2-B852-F588247DBB30}.Debug|Any CPU.Build.0 = Debug|Any CPU
		{40A4D523-A194-B0C2-B852-F588247DBB30}.Release|Any CPU.ActiveCfg = Release|Any CPU
		{40A4D523-A194-B0C2-B852-F588247DBB30}.Release|Any CPU.Build.0 = Release|Any CPU
		{591D5F89-3AE8-BE19-31AA-B7B232509FA9}.Debug|Any CPU.ActiveCfg = Debug|Any CPU
		{591D5F89-3AE8-BE19-31AA-B7B232509FA9}.Debug|Any CPU.Build.0 = Debug|Any CPU
		{591D5F89-3AE8-BE19-31AA-B7B232509FA9}.Release|Any CPU.ActiveCfg = Release|Any CPU
		{591D5F89-3AE8-BE19-31AA-B7B232509FA9}.Release|Any CPU.Build.0 = Release|Any CPU
		{A74D79F6-9B07-8D0A-FABD-5F6336DF64D9}.Debug|Any CPU.ActiveCfg = Debug|Any CPU
		{A74D79F6-9B07-8D0A-FABD-5F6336DF64D9}.Debug|Any CPU.Build.0 = Debug|Any CPU
		{A74D79F6-9B07-8D0A-FABD-5F6336DF64D9}.Release|Any CPU.ActiveCfg = Release|Any CPU
		{A74D79F6-9B07-8D0A-FABD-5F6336DF64D9}.Release|Any CPU.Build.0 = Release|Any CPU
		{A499FC00-BF50-0D24-684B-12406BEA83DF}.Debug|Any CPU.ActiveCfg = Debug|Any CPU
		{A499FC00-BF50-0D24-684B-12406BEA83DF}.Debug|Any CPU.Build.0 = Debug|Any CPU
		{A499FC00-BF50-0D24-684B-12406BEA83DF}.Release|Any CPU.ActiveCfg = Release|Any CPU
		{A499FC00-BF50-0D24-684B-12406BEA83DF}.Release|Any CPU.Build.0 = Release|Any CPU
		{0A93E754-B174-AE01-48CC-0E9CAE55827C}.Debug|Any CPU.ActiveCfg = Debug|Any CPU
		{0A93E754-B174-AE01-48CC-0E9CAE55827C}.Debug|Any CPU.Build.0 = Debug|Any CPU
		{0A93E754-B174-AE01-48CC-0E9CAE55827C}.Release|Any CPU.ActiveCfg = Release|Any CPU
		{0A93E754-B174-AE01-48CC-0E9CAE55827C}.Release|Any CPU.Build.0 = Release|Any CPU
		{FE5C8702-62B9-C8F9-B200-D729ADA878C9}.Debug|Any CPU.ActiveCfg = Debug|Any CPU
		{FE5C8702-62B9-C8F9-B200-D729ADA878C9}.Debug|Any CPU.Build.0 = Debug|Any CPU
		{FE5C8702-62B9-C8F9-B200-D729ADA878C9}.Release|Any CPU.ActiveCfg = Release|Any CPU
		{FE5C8702-62B9-C8F9-B200-D729ADA878C9}.Release|Any CPU.Build.0 = Release|Any CPU
		{5BCE4D48-82EF-1A74-75D2-EEE6BCA859BC}.Debug|Any CPU.ActiveCfg = Debug|Any CPU
		{5BCE4D48-82EF-1A74-75D2-EEE6BCA859BC}.Debug|Any CPU.Build.0 = Debug|Any CPU
		{5BCE4D48-82EF-1A74-75D2-EEE6BCA859BC}.Release|Any CPU.ActiveCfg = Release|Any CPU
		{5BCE4D48-82EF-1A74-75D2-EEE6BCA859BC}.Release|Any CPU.Build.0 = Release|Any CPU
		{5EDF34A2-11E0-A8DB-8841-FA97EBB46363}.Debug|Any CPU.ActiveCfg = Debug|Any CPU
		{5EDF34A2-11E0-A8DB-8841-FA97EBB46363}.Debug|Any CPU.Build.0 = Debug|Any CPU
		{5EDF34A2-11E0-A8DB-8841-FA97EBB46363}.Release|Any CPU.ActiveCfg = Release|Any CPU
		{5EDF34A2-11E0-A8DB-8841-FA97EBB46363}.Release|Any CPU.Build.0 = Release|Any CPU
		{B2B9CE4A-AB7F-08F0-63C1-C766D82AE92D}.Debug|Any CPU.ActiveCfg = Debug|Any CPU
		{B2B9CE4A-AB7F-08F0-63C1-C766D82AE92D}.Debug|Any CPU.Build.0 = Debug|Any CPU
		{B2B9CE4A-AB7F-08F0-63C1-C766D82AE92D}.Release|Any CPU.ActiveCfg = Release|Any CPU
		{B2B9CE4A-AB7F-08F0-63C1-C766D82AE92D}.Release|Any CPU.Build.0 = Release|Any CPU
		{47CA371E-B33E-A1CB-F68A-E520570C2E58}.Debug|Any CPU.ActiveCfg = Debug|Any CPU
		{47CA371E-B33E-A1CB-F68A-E520570C2E58}.Debug|Any CPU.Build.0 = Debug|Any CPU
		{47CA371E-B33E-A1CB-F68A-E520570C2E58}.Release|Any CPU.ActiveCfg = Release|Any CPU
		{47CA371E-B33E-A1CB-F68A-E520570C2E58}.Release|Any CPU.Build.0 = Release|Any CPU
	EndGlobalSection
	GlobalSection(SolutionProperties) = preSolution
		HideSolutionNode = FALSE
	EndGlobalSection
	GlobalSection(NestedProjects) = preSolution
		{D767611B-DD42-A1DF-E2F2-3C9896D144CD} = {33E31115-F7E3-EC63-AA23-31CF16C1598D}
		{5AA0BC41-B3A9-0548-B2CD-5FF2061F62F9} = {D767611B-DD42-A1DF-E2F2-3C9896D144CD}
		{B04E9332-21A2-4D6B-D206-5B7E7DF1843F} = {D767611B-DD42-A1DF-E2F2-3C9896D144CD}
		{DC2C9E6B-8927-403C-3E8D-1038784AAF55} = {D767611B-DD42-A1DF-E2F2-3C9896D144CD}
		{41E3E335-C2DE-7E25-AC4A-DD26E1E0B134} = {D767611B-DD42-A1DF-E2F2-3C9896D144CD}
		{775BC22E-1CA2-A7B5-6340-D01DF52BC397} = {D767611B-DD42-A1DF-E2F2-3C9896D144CD}
		{E83556B6-7BA9-2BA7-5FE7-69AB0FF4F5DA} = {775BC22E-1CA2-A7B5-6340-D01DF52BC397}
		{FFBA2795-4583-4ED2-4321-3DB549C382CD} = {775BC22E-1CA2-A7B5-6340-D01DF52BC397}
		{40A4D523-A194-B0C2-B852-F588247DBB30} = {775BC22E-1CA2-A7B5-6340-D01DF52BC397}
		{591D5F89-3AE8-BE19-31AA-B7B232509FA9} = {775BC22E-1CA2-A7B5-6340-D01DF52BC397}
		{A74D79F6-9B07-8D0A-FABD-5F6336DF64D9} = {775BC22E-1CA2-A7B5-6340-D01DF52BC397}
		{4F9716DC-B050-49EC-4F45-1E2833E7518A} = {D767611B-DD42-A1DF-E2F2-3C9896D144CD}
		{A499FC00-BF50-0D24-684B-12406BEA83DF} = {4F9716DC-B050-49EC-4F45-1E2833E7518A}
		{0A93E754-B174-AE01-48CC-0E9CAE55827C} = {4F9716DC-B050-49EC-4F45-1E2833E7518A}
		{9A234712-FAE2-7B51-271F-6B93A8CE6E31} = {D767611B-DD42-A1DF-E2F2-3C9896D144CD}
		{FE5C8702-62B9-C8F9-B200-D729ADA878C9} = {9A234712-FAE2-7B51-271F-6B93A8CE6E31}
		{5BCE4D48-82EF-1A74-75D2-EEE6BCA859BC} = {9A234712-FAE2-7B51-271F-6B93A8CE6E31}
		{5EDF34A2-11E0-A8DB-8841-FA97EBB46363} = {9A234712-FAE2-7B51-271F-6B93A8CE6E31}
		{3669FB71-6DE0-1644-7741-5DE7FBAB7041} = {4F9716DC-B050-49EC-4F45-1E2833E7518A}
		{8DC462D7-9635-E2AC-5357-AF76B186E878} = {3669FB71-6DE0-1644-7741-5DE7FBAB7041}
		{9A7B0398-49C7-D367-4A40-2DBDDAA0B6F2} = {8DC462D7-9635-E2AC-5357-AF76B186E878}
		{DC1C3786-D330-6315-0C05-A7C38D0CE938} = {9A7B0398-49C7-D367-4A40-2DBDDAA0B6F2}
		{FB075FAD-00C6-2ABC-22CA-389FD94DEEED} = {DC1C3786-D330-6315-0C05-A7C38D0CE938}
		{58880FF5-F4D1-6AEE-26CA-3EDC6F9F8611} = {FB075FAD-00C6-2ABC-22CA-389FD94DEEED}
		{0F4C570D-8B86-46EF-4860-CEF0A09A2E3F} = {58880FF5-F4D1-6AEE-26CA-3EDC6F9F8611}
		{209E3AD4-BA1B-03F5-0361-DF885F7277A7} = {0F4C570D-8B86-46EF-4860-CEF0A09A2E3F}
		{B2B9CE4A-AB7F-08F0-63C1-C766D82AE92D} = {209E3AD4-BA1B-03F5-0361-DF885F7277A7}
		{47CA371E-B33E-A1CB-F68A-E520570C2E58} = {209E3AD4-BA1B-03F5-0361-DF885F7277A7}
	EndGlobalSection
	GlobalSection(ExtensibilityGlobals) = postSolution
		SolutionGuid = {EE9435B8-CE96-4999-80F3-36E978E0215C}
	EndGlobalSection
EndGlobal
